
Microsoft Visual Studio Solution File, Format Version 12.00
# Visual Studio Version 17
VisualStudioVersion = 17.3.32811.315
MinimumVisualStudioVersion = 10.0.40219.1
Project("{9A19103F-16F7-4668-BE54-9A1E7A4F7556}") = "Zameb.ChordFinder.Console", "Zameb.ChordFinder.Console\Zameb.ChordFinder.Console.csproj", "{1647E2C7-2D25-48EA-A36C-52B38CA57913}"
EndProject
Project("{9A19103F-16F7-4668-BE54-9A1E7A4F7556}") = "Zameb.ChordFinder", "Zameb.ChordFinder\Zameb.ChordFinder.csproj", "{606EAECF-9691-49DF-90BC-03E508E0FC7B}"
EndProject
Project("{FAE04EC0-301F-11D3-BF4B-00C04F79EFBC}") = "Zameb.ChordFinder.App", "Zameb.ChordFinder.App\Zameb.ChordFinder.App.csproj", "{ABD2ECB2-0B2E-42EC-8EEB-672F50D22146}"
EndProject
Project("{2150E333-8FDC-42A3-9474-1A3956D46DE8}") = "Docs", "Docs", "{243AD287-C39F-45C0-AA37-A13CA5BEE0E2}"
	ProjectSection(SolutionItems) = preProject
		aaa Ideas.txt = aaa Ideas.txt
	EndProjectSection
EndProject
Global
	GlobalSection(SolutionConfigurationPlatforms) = preSolution
		Debug|Any CPU = Debug|Any CPU
		Release|Any CPU = Release|Any CPU
	EndGlobalSection
	GlobalSection(ProjectConfigurationPlatforms) = postSolution
		{1647E2C7-2D25-48EA-A36C-52B38CA57913}.Debug|Any CPU.ActiveCfg = Debug|Any CPU
		{1647E2C7-2D25-48EA-A36C-52B38CA57913}.Debug|Any CPU.Build.0 = Debug|Any CPU
		{1647E2C7-2D25-48EA-A36C-52B38CA57913}.Release|Any CPU.ActiveCfg = Release|Any CPU
		{1647E2C7-2D25-48EA-A36C-52B38CA57913}.Release|Any CPU.Build.0 = Release|Any CPU
		{606EAECF-9691-49DF-90BC-03E508E0FC7B}.Debug|Any CPU.ActiveCfg = Debug|Any CPU
		{606EAECF-9691-49DF-90BC-03E508E0FC7B}.Debug|Any CPU.Build.0 = Debug|Any CPU
		{606EAECF-9691-49DF-90BC-03E508E0FC7B}.Release|Any CPU.ActiveCfg = Release|Any CPU
		{606EAECF-9691-49DF-90BC-03E508E0FC7B}.Release|Any CPU.Build.0 = Release|Any CPU
		{ABD2ECB2-0B2E-42EC-8EEB-672F50D22146}.Debug|Any CPU.ActiveCfg = Debug|Any CPU
		{ABD2ECB2-0B2E-42EC-8EEB-672F50D22146}.Debug|Any CPU.Build.0 = Debug|Any CPU
		{ABD2ECB2-0B2E-42EC-8EEB-672F50D22146}.Release|Any CPU.ActiveCfg = Release|Any CPU
		{ABD2ECB2-0B2E-42EC-8EEB-672F50D22146}.Release|Any CPU.Build.0 = Release|Any CPU
	EndGlobalSection
	GlobalSection(SolutionProperties) = preSolution
		HideSolutionNode = FALSE
	EndGlobalSection
	GlobalSection(ExtensibilityGlobals) = postSolution
		SolutionGuid = {79393D9F-64DF-424F-AAA1-B22AFEA97CFF}
	EndGlobalSection
EndGlobal
